
Microsoft Visual Studio Solution File, Format Version 12.00
# Visual Studio Version 16
VisualStudioVersion = 16.0.29519.87
MinimumVisualStudioVersion = 10.0.40219.1
Project("{FAE04EC0-301F-11D3-BF4B-00C04F79EFBC}") = "Site-Lab12", "Site-Lab12.csproj", "{22C90441-6622-4540-A694-86AA07AA307A}"
EndProject
Global
	GlobalSection(SolutionConfigurationPlatforms) = preSolution
		Debug|Any CPU = Debug|Any CPU
		Release|Any CPU = Release|Any CPU
	EndGlobalSection
	GlobalSection(ProjectConfigurationPlatforms) = postSolution
		{22C90441-6622-4540-A694-86AA07AA307A}.Debug|Any CPU.ActiveCfg = Debug|Any CPU
		{22C90441-6622-4540-A694-86AA07AA307A}.Debug|Any CPU.Build.0 = Debug|Any CPU
		{22C90441-6622-4540-A694-86AA07AA307A}.Release|Any CPU.ActiveCfg = Release|Any CPU
		{22C90441-6622-4540-A694-86AA07AA307A}.Release|Any CPU.Build.0 = Release|Any CPU
	EndGlobalSection
	GlobalSection(SolutionProperties) = preSolution
		HideSolutionNode = FALSE
	EndGlobalSection
	GlobalSection(ExtensibilityGlobals) = postSolution
		SolutionGuid = {498BF50B-7A5B-4021-8940-EBD72B968D21}
	EndGlobalSection
EndGlobal
